
Microsoft Visual Studio Solution File, Format Version 11.00
# Visual Studio 2010
Project("{FAE04EC0-301F-11D3-BF4B-00C04F79EFBC}") = "UnityEngine.UI", "UnityEngine.UI.csproj", "{dd55995c-9b75-bac6-422e-6c6c2a3b1eaf}"
EndProject
Project("{FAE04EC0-301F-11D3-BF4B-00C04F79EFBC}") = "UnityEngine.SpatialTracking", "UnityEngine.SpatialTracking.csproj", "{1d80f15a-db4a-3015-665d-5c71fb600fe3}"
EndProject
Project("{FAE04EC0-301F-11D3-BF4B-00C04F79EFBC}") = "SteamVR", "SteamVR.csproj", "{a26ae893-21ed-1a48-6ab5-1f0ba1565fee}"
EndProject
Project("{FAE04EC0-301F-11D3-BF4B-00C04F79EFBC}") = "UnityEngine.TestRunner", "UnityEngine.TestRunner.csproj", "{679a7d7d-f7b4-2954-6c8c-b6e6e3f7ae26}"
EndProject
Project("{FAE04EC0-301F-11D3-BF4B-00C04F79EFBC}") = "UnityEngine.XR.LegacyInputHelpers", "UnityEngine.XR.LegacyInputHelpers.csproj", "{71954ecd-37d3-d6ef-e945-be88fa2a3021}"
EndProject
Project("{FAE04EC0-301F-11D3-BF4B-00C04F79EFBC}") = "Unity.Timeline", "Unity.Timeline.csproj", "{dc3fde01-a9b9-99f8-c5cf-db707689db5f}"
EndProject
Project("{FAE04EC0-301F-11D3-BF4B-00C04F79EFBC}") = "Assembly-CSharp", "Assembly-CSharp.csproj", "{ffab940a-a5de-779c-eb15-e2fa3a0a86b9}"
EndProject
Project("{FAE04EC0-301F-11D3-BF4B-00C04F79EFBC}") = "Unity.XR.OpenVR", "Unity.XR.OpenVR.csproj", "{b8e4b789-96e3-a521-a648-2000c33765ed}"
EndProject
Project("{FAE04EC0-301F-11D3-BF4B-00C04F79EFBC}") = "Unity.TextMeshPro", "Unity.TextMeshPro.csproj", "{ab95dd00-b3fb-fa5c-27cb-8fb7da67b9f6}"
EndProject
Project("{FAE04EC0-301F-11D3-BF4B-00C04F79EFBC}") = "Unity.XR.Management", "Unity.XR.Management.csproj", "{23cf3647-7723-c27b-652b-8d4b341edca8}"
EndProject
Project("{FAE04EC0-301F-11D3-BF4B-00C04F79EFBC}") = "SteamVR_Actions", "SteamVR_Actions.csproj", "{2bf75a9d-3889-6293-22ff-a0dce05aa265}"
EndProject
Project("{FAE04EC0-301F-11D3-BF4B-00C04F79EFBC}") = "Unity.Subsystem.Registration", "Unity.Subsystem.Registration.csproj", "{505cdef0-9a3e-ded9-29ec-520b6b5db54f}"
EndProject
Project("{FAE04EC0-301F-11D3-BF4B-00C04F79EFBC}") = "Unity.XR.Management.Editor", "Unity.XR.Management.Editor.csproj", "{b2982ae9-eff5-135a-fa30-17c7c200b70a}"
EndProject
Project("{FAE04EC0-301F-11D3-BF4B-00C04F79EFBC}") = "UnityEditor.TestRunner", "UnityEditor.TestRunner.csproj", "{120ff2a8-9c12-2a22-2b7b-7a3b5f70b2bc}"
EndProject
Project("{FAE04EC0-301F-11D3-BF4B-00C04F79EFBC}") = "Unity.PlasticSCM.Editor", "Unity.PlasticSCM.Editor.csproj", "{1b057a4e-3391-a536-6755-bd6ff82012ec}"
EndProject
Project("{FAE04EC0-301F-11D3-BF4B-00C04F79EFBC}") = "UnityEditor.UI", "UnityEditor.UI.csproj", "{cd939639-949e-7816-73dc-256741e6a31c}"
EndProject
Project("{FAE04EC0-301F-11D3-BF4B-00C04F79EFBC}") = "Unity.Services.Core.Editor", "Unity.Services.Core.Editor.csproj", "{e44c45be-00b9-acd9-7519-f683de6ac01a}"
EndProject
Project("{FAE04EC0-301F-11D3-BF4B-00C04F79EFBC}") = "Unity.Timeline.Editor", "Unity.Timeline.Editor.csproj", "{fe6d14e4-6d85-79eb-1839-8d19beccd49e}"
EndProject
Project("{FAE04EC0-301F-11D3-BF4B-00C04F79EFBC}") = "Unity.VisualStudio.Editor", "Unity.VisualStudio.Editor.csproj", "{685dc9b9-bb0f-b864-0c7a-3ec5f9e58770}"
EndProject
Project("{FAE04EC0-301F-11D3-BF4B-00C04F79EFBC}") = "Unity.TextMeshPro.Editor", "Unity.TextMeshPro.Editor.csproj", "{3bc96efc-b75f-be1c-cb2e-9ef0ac0a8a02}"
EndProject
Project("{FAE04EC0-301F-11D3-BF4B-00C04F79EFBC}") = "Unity.CollabProxy.Editor", "Unity.CollabProxy.Editor.csproj", "{8c378b37-b516-d300-ee91-a242524448ba}"
EndProject
Project("{FAE04EC0-301F-11D3-BF4B-00C04F79EFBC}") = "Unity.Rider.Editor", "Unity.Rider.Editor.csproj", "{4a9752f3-3c0c-81aa-c15f-5fe666106f68}"
EndProject
Project("{FAE04EC0-301F-11D3-BF4B-00C04F79EFBC}") = "SteamVR_Input_Editor", "SteamVR_Input_Editor.csproj", "{355d84c3-cec4-45c9-a21a-0ff46079a9ba}"
EndProject
Project("{FAE04EC0-301F-11D3-BF4B-00C04F79EFBC}") = "UnityEditor.XR.LegacyInputHelpers", "UnityEditor.XR.LegacyInputHelpers.csproj", "{2a3369d6-2497-cbd4-0c3e-aab52cc8310e}"
EndProject
Project("{FAE04EC0-301F-11D3-BF4B-00C04F79EFBC}") = "SteamVR_Editor", "SteamVR_Editor.csproj", "{c336300d-9e9b-15b6-58c0-ecb570d029fa}"
EndProject
Project("{FAE04EC0-301F-11D3-BF4B-00C04F79EFBC}") = "Unity.VSCode.Editor", "Unity.VSCode.Editor.csproj", "{f3f27d7b-d92d-dafb-ec20-2b6c7e5571b4}"
EndProject
Project("{FAE04EC0-301F-11D3-BF4B-00C04F79EFBC}") = "UnityEditor.SpatialTracking", "UnityEditor.SpatialTracking.csproj", "{8d6a3c1c-c3ad-c95d-cca8-55aea339f9d5}"
EndProject
Project("{FAE04EC0-301F-11D3-BF4B-00C04F79EFBC}") = "Unity.XR.OpenVR.Editor", "Unity.XR.OpenVR.Editor.csproj", "{09ce7a26-7079-37d1-b959-156acbb478e4}"
EndProject
Project("{FAE04EC0-301F-11D3-BF4B-00C04F79EFBC}") = "Assembly-CSharp-Editor", "Assembly-CSharp-Editor.csproj", "{ac8f9bd3-1b49-2f0b-9e05-d393001febcf}"
EndProject
Project("{FAE04EC0-301F-11D3-BF4B-00C04F79EFBC}") = "SteamVR_Windows_EditorHelper", "SteamVR_Windows_EditorHelper.csproj", "{f9e09a98-98da-330b-7ae3-b1d25c0f32b7}"
EndProject
Project("{FAE04EC0-301F-11D3-BF4B-00C04F79EFBC}") = "UnityEngine.UI", "UnityEngine.UI.Player.csproj", "{2ca972a2-d45c-26a5-6a4a-9a9c07dc2f3f}"
EndProject
Project("{FAE04EC0-301F-11D3-BF4B-00C04F79EFBC}") = "UnityEngine.SpatialTracking", "UnityEngine.SpatialTracking.Player.csproj", "{7c2030b8-e0b2-1c7c-394c-696cf259b9ef}"
EndProject
Project("{FAE04EC0-301F-11D3-BF4B-00C04F79EFBC}") = "SteamVR", "SteamVR.Player.csproj", "{d11014a6-87aa-4d5d-31e2-f9d1429af348}"
EndProject
Project("{FAE04EC0-301F-11D3-BF4B-00C04F79EFBC}") = "UnityEngine.TestRunner", "UnityEngine.TestRunner.Player.csproj", "{78992f77-bfc9-cd80-dc05-2053dc6469f9}"
EndProject
Project("{FAE04EC0-301F-11D3-BF4B-00C04F79EFBC}") = "UnityEngine.XR.LegacyInputHelpers", "UnityEngine.XR.LegacyInputHelpers.Player.csproj", "{4a8449a0-deac-b640-8836-02283d3b37be}"
EndProject
Project("{FAE04EC0-301F-11D3-BF4B-00C04F79EFBC}") = "Unity.Timeline", "Unity.Timeline.Player.csproj", "{72f0d68d-d16c-1faa-8339-cb7ed49eaf59}"
EndProject
Project("{FAE04EC0-301F-11D3-BF4B-00C04F79EFBC}") = "Assembly-CSharp", "Assembly-CSharp.Player.csproj", "{ce606e1c-d153-0d59-ba5b-e8c6257993dd}"
EndProject
Project("{FAE04EC0-301F-11D3-BF4B-00C04F79EFBC}") = "Unity.XR.OpenVR", "Unity.XR.OpenVR.Player.csproj", "{dcc13cf3-6437-a3a5-b7ab-dca4996496ae}"
EndProject
Project("{FAE04EC0-301F-11D3-BF4B-00C04F79EFBC}") = "Unity.TextMeshPro", "Unity.TextMeshPro.Player.csproj", "{1d2565b2-1c60-fc90-bc90-b966e8ff2c5d}"
EndProject
Project("{FAE04EC0-301F-11D3-BF4B-00C04F79EFBC}") = "Unity.XR.Management", "Unity.XR.Management.Player.csproj", "{f240c6a6-9171-15a5-9cbc-067109080b94}"
EndProject
Project("{FAE04EC0-301F-11D3-BF4B-00C04F79EFBC}") = "SteamVR_Actions", "SteamVR_Actions.Player.csproj", "{201d9d08-1674-0866-24cb-2e225ff783db}"
EndProject
Project("{FAE04EC0-301F-11D3-BF4B-00C04F79EFBC}") = "Unity.Subsystem.Registration", "Unity.Subsystem.Registration.Player.csproj", "{5532975e-2444-3ae2-30fc-4642860834c3}"
EndProject
Global
	GlobalSection(SolutionConfigurationPlatforms) = preSolution
		Debug|Any CPU = Debug|Any CPU
		Release|Any CPU = Release|Any CPU
	EndGlobalSection
	GlobalSection(ProjectConfigurationPlatforms) = postSolution
		{dd55995c-9b75-bac6-422e-6c6c2a3b1eaf}.Debug|Any CPU.ActiveCfg = Debug|Any CPU
		{dd55995c-9b75-bac6-422e-6c6c2a3b1eaf}.Debug|Any CPU.Build.0 = Debug|Any CPU
		{dd55995c-9b75-bac6-422e-6c6c2a3b1eaf}.Release|Any CPU.ActiveCfg = Release|Any CPU
		{dd55995c-9b75-bac6-422e-6c6c2a3b1eaf}.Release|Any CPU.Build.0 = Release|Any CPU
		{1d80f15a-db4a-3015-665d-5c71fb600fe3}.Debug|Any CPU.ActiveCfg = Debug|Any CPU
		{1d80f15a-db4a-3015-665d-5c71fb600fe3}.Debug|Any CPU.Build.0 = Debug|Any CPU
		{1d80f15a-db4a-3015-665d-5c71fb600fe3}.Release|Any CPU.ActiveCfg = Release|Any CPU
		{1d80f15a-db4a-3015-665d-5c71fb600fe3}.Release|Any CPU.Build.0 = Release|Any CPU
		{a26ae893-21ed-1a48-6ab5-1f0ba1565fee}.Debug|Any CPU.ActiveCfg = Debug|Any CPU
		{a26ae893-21ed-1a48-6ab5-1f0ba1565fee}.Debug|Any CPU.Build.0 = Debug|Any CPU
		{a26ae893-21ed-1a48-6ab5-1f0ba1565fee}.Release|Any CPU.ActiveCfg = Release|Any CPU
		{a26ae893-21ed-1a48-6ab5-1f0ba1565fee}.Release|Any CPU.Build.0 = Release|Any CPU
		{679a7d7d-f7b4-2954-6c8c-b6e6e3f7ae26}.Debug|Any CPU.ActiveCfg = Debug|Any CPU
		{679a7d7d-f7b4-2954-6c8c-b6e6e3f7ae26}.Debug|Any CPU.Build.0 = Debug|Any CPU
		{679a7d7d-f7b4-2954-6c8c-b6e6e3f7ae26}.Release|Any CPU.ActiveCfg = Release|Any CPU
		{679a7d7d-f7b4-2954-6c8c-b6e6e3f7ae26}.Release|Any CPU.Build.0 = Release|Any CPU
		{71954ecd-37d3-d6ef-e945-be88fa2a3021}.Debug|Any CPU.ActiveCfg = Debug|Any CPU
		{71954ecd-37d3-d6ef-e945-be88fa2a3021}.Debug|Any CPU.Build.0 = Debug|Any CPU
		{71954ecd-37d3-d6ef-e945-be88fa2a3021}.Release|Any CPU.ActiveCfg = Release|Any CPU
		{71954ecd-37d3-d6ef-e945-be88fa2a3021}.Release|Any CPU.Build.0 = Release|Any CPU
		{dc3fde01-a9b9-99f8-c5cf-db707689db5f}.Debug|Any CPU.ActiveCfg = Debug|Any CPU
		{dc3fde01-a9b9-99f8-c5cf-db707689db5f}.Debug|Any CPU.Build.0 = Debug|Any CPU
		{dc3fde01-a9b9-99f8-c5cf-db707689db5f}.Release|Any CPU.ActiveCfg = Release|Any CPU
		{dc3fde01-a9b9-99f8-c5cf-db707689db5f}.Release|Any CPU.Build.0 = Release|Any CPU
		{ffab940a-a5de-779c-eb15-e2fa3a0a86b9}.Debug|Any CPU.ActiveCfg = Debug|Any CPU
		{ffab940a-a5de-779c-eb15-e2fa3a0a86b9}.Debug|Any CPU.Build.0 = Debug|Any CPU
		{ffab940a-a5de-779c-eb15-e2fa3a0a86b9}.Release|Any CPU.ActiveCfg = Release|Any CPU
		{ffab940a-a5de-779c-eb15-e2fa3a0a86b9}.Release|Any CPU.Build.0 = Release|Any CPU
		{b8e4b789-96e3-a521-a648-2000c33765ed}.Debug|Any CPU.ActiveCfg = Debug|Any CPU
		{b8e4b789-96e3-a521-a648-2000c33765ed}.Debug|Any CPU.Build.0 = Debug|Any CPU
		{b8e4b789-96e3-a521-a648-2000c33765ed}.Release|Any CPU.ActiveCfg = Release|Any CPU
		{b8e4b789-96e3-a521-a648-2000c33765ed}.Release|Any CPU.Build.0 = Release|Any CPU
		{ab95dd00-b3fb-fa5c-27cb-8fb7da67b9f6}.Debug|Any CPU.ActiveCfg = Debug|Any CPU
		{ab95dd00-b3fb-fa5c-27cb-8fb7da67b9f6}.Debug|Any CPU.Build.0 = Debug|Any CPU
		{ab95dd00-b3fb-fa5c-27cb-8fb7da67b9f6}.Release|Any CPU.ActiveCfg = Release|Any CPU
		{ab95dd00-b3fb-fa5c-27cb-8fb7da67b9f6}.Release|Any CPU.Build.0 = Release|Any CPU
		{23cf3647-7723-c27b-652b-8d4b341edca8}.Debug|Any CPU.ActiveCfg = Debug|Any CPU
		{23cf3647-7723-c27b-652b-8d4b341edca8}.Debug|Any CPU.Build.0 = Debug|Any CPU
		{23cf3647-7723-c27b-652b-8d4b341edca8}.Release|Any CPU.ActiveCfg = Release|Any CPU
		{23cf3647-7723-c27b-652b-8d4b341edca8}.Release|Any CPU.Build.0 = Release|Any CPU
		{2bf75a9d-3889-6293-22ff-a0dce05aa265}.Debug|Any CPU.ActiveCfg = Debug|Any CPU
		{2bf75a9d-3889-6293-22ff-a0dce05aa265}.Debug|Any CPU.Build.0 = Debug|Any CPU
		{2bf75a9d-3889-6293-22ff-a0dce05aa265}.Release|Any CPU.ActiveCfg = Release|Any CPU
		{2bf75a9d-3889-6293-22ff-a0dce05aa265}.Release|Any CPU.Build.0 = Release|Any CPU
		{505cdef0-9a3e-ded9-29ec-520b6b5db54f}.Debug|Any CPU.ActiveCfg = Debug|Any CPU
		{505cdef0-9a3e-ded9-29ec-520b6b5db54f}.Debug|Any CPU.Build.0 = Debug|Any CPU
		{505cdef0-9a3e-ded9-29ec-520b6b5db54f}.Release|Any CPU.ActiveCfg = Release|Any CPU
		{505cdef0-9a3e-ded9-29ec-520b6b5db54f}.Release|Any CPU.Build.0 = Release|Any CPU
		{b2982ae9-eff5-135a-fa30-17c7c200b70a}.Debug|Any CPU.ActiveCfg = Debug|Any CPU
		{b2982ae9-eff5-135a-fa30-17c7c200b70a}.Debug|Any CPU.Build.0 = Debug|Any CPU
		{b2982ae9-eff5-135a-fa30-17c7c200b70a}.Release|Any CPU.ActiveCfg = Release|Any CPU
		{b2982ae9-eff5-135a-fa30-17c7c200b70a}.Release|Any CPU.Build.0 = Release|Any CPU
		{120ff2a8-9c12-2a22-2b7b-7a3b5f70b2bc}.Debug|Any CPU.ActiveCfg = Debug|Any CPU
		{120ff2a8-9c12-2a22-2b7b-7a3b5f70b2bc}.Debug|Any CPU.Build.0 = Debug|Any CPU
		{120ff2a8-9c12-2a22-2b7b-7a3b5f70b2bc}.Release|Any CPU.ActiveCfg = Release|Any CPU
		{120ff2a8-9c12-2a22-2b7b-7a3b5f70b2bc}.Release|Any CPU.Build.0 = Release|Any CPU
		{1b057a4e-3391-a536-6755-bd6ff82012ec}.Debug|Any CPU.ActiveCfg = Debug|Any CPU
		{1b057a4e-3391-a536-6755-bd6ff82012ec}.Debug|Any CPU.Build.0 = Debug|Any CPU
		{1b057a4e-3391-a536-6755-bd6ff82012ec}.Release|Any CPU.ActiveCfg = Release|Any CPU
		{1b057a4e-3391-a536-6755-bd6ff82012ec}.Release|Any CPU.Build.0 = Release|Any CPU
		{cd939639-949e-7816-73dc-256741e6a31c}.Debug|Any CPU.ActiveCfg = Debug|Any CPU
		{cd939639-949e-7816-73dc-256741e6a31c}.Debug|Any CPU.Build.0 = Debug|Any CPU
		{cd939639-949e-7816-73dc-256741e6a31c}.Release|Any CPU.ActiveCfg = Release|Any CPU
		{cd939639-949e-7816-73dc-256741e6a31c}.Release|Any CPU.Build.0 = Release|Any CPU
		{e44c45be-00b9-acd9-7519-f683de6ac01a}.Debug|Any CPU.ActiveCfg = Debug|Any CPU
		{e44c45be-00b9-acd9-7519-f683de6ac01a}.Debug|Any CPU.Build.0 = Debug|Any CPU
		{e44c45be-00b9-acd9-7519-f683de6ac01a}.Release|Any CPU.ActiveCfg = Release|Any CPU
		{e44c45be-00b9-acd9-7519-f683de6ac01a}.Release|Any CPU.Build.0 = Release|Any CPU
		{fe6d14e4-6d85-79eb-1839-8d19beccd49e}.Debug|Any CPU.ActiveCfg = Debug|Any CPU
		{fe6d14e4-6d85-79eb-1839-8d19beccd49e}.Debug|Any CPU.Build.0 = Debug|Any CPU
		{fe6d14e4-6d85-79eb-1839-8d19beccd49e}.Release|Any CPU.ActiveCfg = Release|Any CPU
		{fe6d14e4-6d85-79eb-1839-8d19beccd49e}.Release|Any CPU.Build.0 = Release|Any CPU
		{685dc9b9-bb0f-b864-0c7a-3ec5f9e58770}.Debug|Any CPU.ActiveCfg = Debug|Any CPU
		{685dc9b9-bb0f-b864-0c7a-3ec5f9e58770}.Debug|Any CPU.Build.0 = Debug|Any CPU
		{685dc9b9-bb0f-b864-0c7a-3ec5f9e58770}.Release|Any CPU.ActiveCfg = Release|Any CPU
		{685dc9b9-bb0f-b864-0c7a-3ec5f9e58770}.Release|Any CPU.Build.0 = Release|Any CPU
		{3bc96efc-b75f-be1c-cb2e-9ef0ac0a8a02}.Debug|Any CPU.ActiveCfg = Debug|Any CPU
		{3bc96efc-b75f-be1c-cb2e-9ef0ac0a8a02}.Debug|Any CPU.Build.0 = Debug|Any CPU
		{3bc96efc-b75f-be1c-cb2e-9ef0ac0a8a02}.Release|Any CPU.ActiveCfg = Release|Any CPU
		{3bc96efc-b75f-be1c-cb2e-9ef0ac0a8a02}.Release|Any CPU.Build.0 = Release|Any CPU
		{8c378b37-b516-d300-ee91-a242524448ba}.Debug|Any CPU.ActiveCfg = Debug|Any CPU
		{8c378b37-b516-d300-ee91-a242524448ba}.Debug|Any CPU.Build.0 = Debug|Any CPU
		{8c378b37-b516-d300-ee91-a242524448ba}.Release|Any CPU.ActiveCfg = Release|Any CPU
		{8c378b37-b516-d300-ee91-a242524448ba}.Release|Any CPU.Build.0 = Release|Any CPU
		{4a9752f3-3c0c-81aa-c15f-5fe666106f68}.Debug|Any CPU.ActiveCfg = Debug|Any CPU
		{4a9752f3-3c0c-81aa-c15f-5fe666106f68}.Debug|Any CPU.Build.0 = Debug|Any CPU
		{4a9752f3-3c0c-81aa-c15f-5fe666106f68}.Release|Any CPU.ActiveCfg = Release|Any CPU
		{4a9752f3-3c0c-81aa-c15f-5fe666106f68}.Release|Any CPU.Build.0 = Release|Any CPU
		{355d84c3-cec4-45c9-a21a-0ff46079a9ba}.Debug|Any CPU.ActiveCfg = Debug|Any CPU
		{355d84c3-cec4-45c9-a21a-0ff46079a9ba}.Debug|Any CPU.Build.0 = Debug|Any CPU
		{355d84c3-cec4-45c9-a21a-0ff46079a9ba}.Release|Any CPU.ActiveCfg = Release|Any CPU
		{355d84c3-cec4-45c9-a21a-0ff46079a9ba}.Release|Any CPU.Build.0 = Release|Any CPU
		{2a3369d6-2497-cbd4-0c3e-aab52cc8310e}.Debug|Any CPU.ActiveCfg = Debug|Any CPU
		{2a3369d6-2497-cbd4-0c3e-aab52cc8310e}.Debug|Any CPU.Build.0 = Debug|Any CPU
		{2a3369d6-2497-cbd4-0c3e-aab52cc8310e}.Release|Any CPU.ActiveCfg = Release|Any CPU
		{2a3369d6-2497-cbd4-0c3e-aab52cc8310e}.Release|Any CPU.Build.0 = Release|Any CPU
		{c336300d-9e9b-15b6-58c0-ecb570d029fa}.Debug|Any CPU.ActiveCfg = Debug|Any CPU
		{c336300d-9e9b-15b6-58c0-ecb570d029fa}.Debug|Any CPU.Build.0 = Debug|Any CPU
		{c336300d-9e9b-15b6-58c0-ecb570d029fa}.Release|Any CPU.ActiveCfg = Release|Any CPU
		{c336300d-9e9b-15b6-58c0-ecb570d029fa}.Release|Any CPU.Build.0 = Release|Any CPU
		{f3f27d7b-d92d-dafb-ec20-2b6c7e5571b4}.Debug|Any CPU.ActiveCfg = Debug|Any CPU
		{f3f27d7b-d92d-dafb-ec20-2b6c7e5571b4}.Debug|Any CPU.Build.0 = Debug|Any CPU
		{f3f27d7b-d92d-dafb-ec20-2b6c7e5571b4}.Release|Any CPU.ActiveCfg = Release|Any CPU
		{f3f27d7b-d92d-dafb-ec20-2b6c7e5571b4}.Release|Any CPU.Build.0 = Release|Any CPU
		{8d6a3c1c-c3ad-c95d-cca8-55aea339f9d5}.Debug|Any CPU.ActiveCfg = Debug|Any CPU
		{8d6a3c1c-c3ad-c95d-cca8-55aea339f9d5}.Debug|Any CPU.Build.0 = Debug|Any CPU
		{8d6a3c1c-c3ad-c95d-cca8-55aea339f9d5}.Release|Any CPU.ActiveCfg = Release|Any CPU
		{8d6a3c1c-c3ad-c95d-cca8-55aea339f9d5}.Release|Any CPU.Build.0 = Release|Any CPU
		{09ce7a26-7079-37d1-b959-156acbb478e4}.Debug|Any CPU.ActiveCfg = Debug|Any CPU
		{09ce7a26-7079-37d1-b959-156acbb478e4}.Debug|Any CPU.Build.0 = Debug|Any CPU
		{09ce7a26-7079-37d1-b959-156acbb478e4}.Release|Any CPU.ActiveCfg = Release|Any CPU
		{09ce7a26-7079-37d1-b959-156acbb478e4}.Release|Any CPU.Build.0 = Release|Any CPU
		{ac8f9bd3-1b49-2f0b-9e05-d393001febcf}.Debug|Any CPU.ActiveCfg = Debug|Any CPU
		{ac8f9bd3-1b49-2f0b-9e05-d393001febcf}.Debug|Any CPU.Build.0 = Debug|Any CPU
		{ac8f9bd3-1b49-2f0b-9e05-d393001febcf}.Release|Any CPU.ActiveCfg = Release|Any CPU
		{ac8f9bd3-1b49-2f0b-9e05-d393001febcf}.Release|Any CPU.Build.0 = Release|Any CPU
		{f9e09a98-98da-330b-7ae3-b1d25c0f32b7}.Debug|Any CPU.ActiveCfg = Debug|Any CPU
		{f9e09a98-98da-330b-7ae3-b1d25c0f32b7}.Debug|Any CPU.Build.0 = Debug|Any CPU
		{f9e09a98-98da-330b-7ae3-b1d25c0f32b7}.Release|Any CPU.ActiveCfg = Release|Any CPU
		{f9e09a98-98da-330b-7ae3-b1d25c0f32b7}.Release|Any CPU.Build.0 = Release|Any CPU
		{2ca972a2-d45c-26a5-6a4a-9a9c07dc2f3f}.Debug|Any CPU.ActiveCfg = Debug|Any CPU
		{2ca972a2-d45c-26a5-6a4a-9a9c07dc2f3f}.Debug|Any CPU.Build.0 = Debug|Any CPU
		{2ca972a2-d45c-26a5-6a4a-9a9c07dc2f3f}.Release|Any CPU.ActiveCfg = Release|Any CPU
		{2ca972a2-d45c-26a5-6a4a-9a9c07dc2f3f}.Release|Any CPU.Build.0 = Release|Any CPU
		{7c2030b8-e0b2-1c7c-394c-696cf259b9ef}.Debug|Any CPU.ActiveCfg = Debug|Any CPU
		{7c2030b8-e0b2-1c7c-394c-696cf259b9ef}.Debug|Any CPU.Build.0 = Debug|Any CPU
		{7c2030b8-e0b2-1c7c-394c-696cf259b9ef}.Release|Any CPU.ActiveCfg = Release|Any CPU
		{7c2030b8-e0b2-1c7c-394c-696cf259b9ef}.Release|Any CPU.Build.0 = Release|Any CPU
		{d11014a6-87aa-4d5d-31e2-f9d1429af348}.Debug|Any CPU.ActiveCfg = Debug|Any CPU
		{d11014a6-87aa-4d5d-31e2-f9d1429af348}.Debug|Any CPU.Build.0 = Debug|Any CPU
		{d11014a6-87aa-4d5d-31e2-f9d1429af348}.Release|Any CPU.ActiveCfg = Release|Any CPU
		{d11014a6-87aa-4d5d-31e2-f9d1429af348}.Release|Any CPU.Build.0 = Release|Any CPU
		{78992f77-bfc9-cd80-dc05-2053dc6469f9}.Debug|Any CPU.ActiveCfg = Debug|Any CPU
		{78992f77-bfc9-cd80-dc05-2053dc6469f9}.Debug|Any CPU.Build.0 = Debug|Any CPU
		{78992f77-bfc9-cd80-dc05-2053dc6469f9}.Release|Any CPU.ActiveCfg = Release|Any CPU
		{78992f77-bfc9-cd80-dc05-2053dc6469f9}.Release|Any CPU.Build.0 = Release|Any CPU
		{4a8449a0-deac-b640-8836-02283d3b37be}.Debug|Any CPU.ActiveCfg = Debug|Any CPU
		{4a8449a0-deac-b640-8836-02283d3b37be}.Debug|Any CPU.Build.0 = Debug|Any CPU
		{4a8449a0-deac-b640-8836-02283d3b37be}.Release|Any CPU.ActiveCfg = Release|Any CPU
		{4a8449a0-deac-b640-8836-02283d3b37be}.Release|Any CPU.Build.0 = Release|Any CPU
		{72f0d68d-d16c-1faa-8339-cb7ed49eaf59}.Debug|Any CPU.ActiveCfg = Debug|Any CPU
		{72f0d68d-d16c-1faa-8339-cb7ed49eaf59}.Debug|Any CPU.Build.0 = Debug|Any CPU
		{72f0d68d-d16c-1faa-8339-cb7ed49eaf59}.Release|Any CPU.ActiveCfg = Release|Any CPU
		{72f0d68d-d16c-1faa-8339-cb7ed49eaf59}.Release|Any CPU.Build.0 = Release|Any CPU
		{ce606e1c-d153-0d59-ba5b-e8c6257993dd}.Debug|Any CPU.ActiveCfg = Debug|Any CPU
		{ce606e1c-d153-0d59-ba5b-e8c6257993dd}.Debug|Any CPU.Build.0 = Debug|Any CPU
		{ce606e1c-d153-0d59-ba5b-e8c6257993dd}.Release|Any CPU.ActiveCfg = Release|Any CPU
		{ce606e1c-d153-0d59-ba5b-e8c6257993dd}.Release|Any CPU.Build.0 = Release|Any CPU
		{dcc13cf3-6437-a3a5-b7ab-dca4996496ae}.Debug|Any CPU.ActiveCfg = Debug|Any CPU
		{dcc13cf3-6437-a3a5-b7ab-dca4996496ae}.Debug|Any CPU.Build.0 = Debug|Any CPU
		{dcc13cf3-6437-a3a5-b7ab-dca4996496ae}.Release|Any CPU.ActiveCfg = Release|Any CPU
		{dcc13cf3-6437-a3a5-b7ab-dca4996496ae}.Release|Any CPU.Build.0 = Release|Any CPU
		{1d2565b2-1c60-fc90-bc90-b966e8ff2c5d}.Debug|Any CPU.ActiveCfg = Debug|Any CPU
		{1d2565b2-1c60-fc90-bc90-b966e8ff2c5d}.Debug|Any CPU.Build.0 = Debug|Any CPU
		{1d2565b2-1c60-fc90-bc90-b966e8ff2c5d}.Release|Any CPU.ActiveCfg = Release|Any CPU
		{1d2565b2-1c60-fc90-bc90-b966e8ff2c5d}.Release|Any CPU.Build.0 = Release|Any CPU
		{f240c6a6-9171-15a5-9cbc-067109080b94}.Debug|Any CPU.ActiveCfg = Debug|Any CPU
		{f240c6a6-9171-15a5-9cbc-067109080b94}.Debug|Any CPU.Build.0 = Debug|Any CPU
		{f240c6a6-9171-15a5-9cbc-067109080b94}.Release|Any CPU.ActiveCfg = Release|Any CPU
		{f240c6a6-9171-15a5-9cbc-067109080b94}.Release|Any CPU.Build.0 = Release|Any CPU
		{201d9d08-1674-0866-24cb-2e225ff783db}.Debug|Any CPU.ActiveCfg = Debug|Any CPU
		{201d9d08-1674-0866-24cb-2e225ff783db}.Debug|Any CPU.Build.0 = Debug|Any CPU
		{201d9d08-1674-0866-24cb-2e225ff783db}.Release|Any CPU.ActiveCfg = Release|Any CPU
		{201d9d08-1674-0866-24cb-2e225ff783db}.Release|Any CPU.Build.0 = Release|Any CPU
		{5532975e-2444-3ae2-30fc-4642860834c3}.Debug|Any CPU.ActiveCfg = Debug|Any CPU
		{5532975e-2444-3ae2-30fc-4642860834c3}.Debug|Any CPU.Build.0 = Debug|Any CPU
		{5532975e-2444-3ae2-30fc-4642860834c3}.Release|Any CPU.ActiveCfg = Release|Any CPU
		{5532975e-2444-3ae2-30fc-4642860834c3}.Release|Any CPU.Build.0 = Release|Any CPU
	EndGlobalSection
	GlobalSection(SolutionProperties) = preSolution
		HideSolutionNode = FALSE
	EndGlobalSection
EndGlobal
