
Microsoft Visual Studio Solution File, Format Version 11.00
# Visual Studio 2010
Project("{FAE04EC0-301F-11D3-BF4B-00C04F79EFBC}") = "UnityEngine.UI", "UnityEngine.UI.csproj", "{1cba3bfa-49ee-a07f-7f0f-219bd4082795}"
EndProject
Project("{FAE04EC0-301F-11D3-BF4B-00C04F79EFBC}") = "UnityEngine.SpatialTracking", "UnityEngine.SpatialTracking.csproj", "{9882fcc6-2980-e563-9e9e-b2203e629fd2}"
EndProject
Project("{FAE04EC0-301F-11D3-BF4B-00C04F79EFBC}") = "SteamVR", "SteamVR.csproj", "{d7caed7f-48cf-888c-c0fb-f600be264083}"
EndProject
Project("{FAE04EC0-301F-11D3-BF4B-00C04F79EFBC}") = "UnityEngine.TestRunner", "UnityEngine.TestRunner.csproj", "{6c688bad-e1f7-52de-b6dc-b78f7cd06467}"
EndProject
Project("{FAE04EC0-301F-11D3-BF4B-00C04F79EFBC}") = "UnityEngine.XR.LegacyInputHelpers", "UnityEngine.XR.LegacyInputHelpers.csproj", "{7f58b865-d6b9-2617-3542-b4a84187cef0}"
EndProject
Project("{FAE04EC0-301F-11D3-BF4B-00C04F79EFBC}") = "Unity.Timeline", "Unity.Timeline.csproj", "{799eafe4-909b-7356-71be-07abc15f66bd}"
EndProject
Project("{FAE04EC0-301F-11D3-BF4B-00C04F79EFBC}") = "Assembly-CSharp", "Assembly-CSharp.csproj", "{139199cf-4a07-2b25-30fe-d470c0914617}"
EndProject
Project("{FAE04EC0-301F-11D3-BF4B-00C04F79EFBC}") = "Unity.XR.OpenVR", "Unity.XR.OpenVR.csproj", "{37d9c766-5a4c-164e-b9b7-fd10ca276466}"
EndProject
Project("{FAE04EC0-301F-11D3-BF4B-00C04F79EFBC}") = "Unity.TextMeshPro", "Unity.TextMeshPro.csproj", "{5f95df07-89f5-e255-6ad3-94102952e81a}"
EndProject
Project("{FAE04EC0-301F-11D3-BF4B-00C04F79EFBC}") = "Unity.XR.Management", "Unity.XR.Management.csproj", "{bd0fa325-bc35-b50c-dee7-02d9a0784f58}"
EndProject
Project("{FAE04EC0-301F-11D3-BF4B-00C04F79EFBC}") = "Unity.Subsystem.Registration", "Unity.Subsystem.Registration.csproj", "{95379f4b-b843-39d2-2672-b55268a25b45}"
EndProject
Project("{FAE04EC0-301F-11D3-BF4B-00C04F79EFBC}") = "Unity.XR.Management.Editor", "Unity.XR.Management.Editor.csproj", "{0f1ec9e7-c148-2330-2a2f-80c3aa69f637}"
EndProject
Project("{FAE04EC0-301F-11D3-BF4B-00C04F79EFBC}") = "UnityEditor.TestRunner", "UnityEditor.TestRunner.csproj", "{e7a7d4b8-1594-532e-4a7f-3e774ee8b728}"
EndProject
Project("{FAE04EC0-301F-11D3-BF4B-00C04F79EFBC}") = "Unity.PlasticSCM.Editor", "Unity.PlasticSCM.Editor.csproj", "{2e00cfc0-5b50-f5c8-e9e1-44ea8a8e6570}"
EndProject
Project("{FAE04EC0-301F-11D3-BF4B-00C04F79EFBC}") = "UnityEditor.UI", "UnityEditor.UI.csproj", "{3b4f1ce3-e23c-4020-59cc-e0dedb3e5aad}"
EndProject
Project("{FAE04EC0-301F-11D3-BF4B-00C04F79EFBC}") = "Unity.Services.Core.Editor", "Unity.Services.Core.Editor.csproj", "{16e45267-289c-28ff-3620-5b9f6b88fa4a}"
EndProject
Project("{FAE04EC0-301F-11D3-BF4B-00C04F79EFBC}") = "Unity.Timeline.Editor", "Unity.Timeline.Editor.csproj", "{7909d036-aeb7-f698-5c89-47ab32d17c58}"
EndProject
Project("{FAE04EC0-301F-11D3-BF4B-00C04F79EFBC}") = "Unity.VisualStudio.Editor", "Unity.VisualStudio.Editor.csproj", "{511d8abc-082c-173c-d4e3-7dba781a1bb1}"
EndProject
Project("{FAE04EC0-301F-11D3-BF4B-00C04F79EFBC}") = "Unity.TextMeshPro.Editor", "Unity.TextMeshPro.Editor.csproj", "{494c89ef-6eff-2cb4-b4ca-32b943267aad}"
EndProject
Project("{FAE04EC0-301F-11D3-BF4B-00C04F79EFBC}") = "Unity.CollabProxy.Editor", "Unity.CollabProxy.Editor.csproj", "{27a5a4fb-5e5a-5c10-895d-747187352d22}"
EndProject
Project("{FAE04EC0-301F-11D3-BF4B-00C04F79EFBC}") = "Unity.Rider.Editor", "Unity.Rider.Editor.csproj", "{97a17752-c8f3-2680-b2c7-1a3519193c22}"
EndProject
Project("{FAE04EC0-301F-11D3-BF4B-00C04F79EFBC}") = "SteamVR_Input_Editor", "SteamVR_Input_Editor.csproj", "{3e7f7a1f-983c-500b-00ee-71a928e90b73}"
EndProject
Project("{FAE04EC0-301F-11D3-BF4B-00C04F79EFBC}") = "UnityEditor.XR.LegacyInputHelpers", "UnityEditor.XR.LegacyInputHelpers.csproj", "{e8d55366-cfd8-05db-f46b-7fa4bc7f81df}"
EndProject
Project("{FAE04EC0-301F-11D3-BF4B-00C04F79EFBC}") = "SteamVR_Editor", "SteamVR_Editor.csproj", "{0626d606-c64b-36c3-08c7-a95bd2c33d10}"
EndProject
Project("{FAE04EC0-301F-11D3-BF4B-00C04F79EFBC}") = "Unity.VSCode.Editor", "Unity.VSCode.Editor.csproj", "{318d68b8-50e2-f3c5-73f3-db061cae6c50}"
EndProject
Project("{FAE04EC0-301F-11D3-BF4B-00C04F79EFBC}") = "UnityEditor.SpatialTracking", "UnityEditor.SpatialTracking.csproj", "{c4fedc0b-0b37-3ce8-12cf-1a992c4f4f4a}"
EndProject
Project("{FAE04EC0-301F-11D3-BF4B-00C04F79EFBC}") = "Unity.XR.OpenVR.Editor", "Unity.XR.OpenVR.Editor.csproj", "{49af6170-9a09-9db6-2037-4d2a57c9ea75}"
EndProject
Project("{FAE04EC0-301F-11D3-BF4B-00C04F79EFBC}") = "Assembly-CSharp-Editor", "Assembly-CSharp-Editor.csproj", "{364acb76-3ba0-bfaf-fd8a-b87ef501116c}"
EndProject
Project("{FAE04EC0-301F-11D3-BF4B-00C04F79EFBC}") = "SteamVR_Windows_EditorHelper", "SteamVR_Windows_EditorHelper.csproj", "{6d8eed74-ea66-2c1f-8b45-5c493cc95a33}"
EndProject
Project("{FAE04EC0-301F-11D3-BF4B-00C04F79EFBC}") = "UnityEngine.UI", "UnityEngine.UI.Player.csproj", "{c3184844-227d-1ea0-4655-ea550d3ed9e8}"
EndProject
Project("{FAE04EC0-301F-11D3-BF4B-00C04F79EFBC}") = "UnityEngine.SpatialTracking", "UnityEngine.SpatialTracking.Player.csproj", "{7b4b952d-c85f-56d4-2d33-fa5b3e664053}"
EndProject
Project("{FAE04EC0-301F-11D3-BF4B-00C04F79EFBC}") = "SteamVR", "SteamVR.Player.csproj", "{361b7540-3b42-96e1-df9c-52f64c2c6096}"
EndProject
Project("{FAE04EC0-301F-11D3-BF4B-00C04F79EFBC}") = "UnityEngine.TestRunner", "UnityEngine.TestRunner.Player.csproj", "{a5fd6add-846b-a834-33a5-2794c00eaeec}"
EndProject
Project("{FAE04EC0-301F-11D3-BF4B-00C04F79EFBC}") = "UnityEngine.XR.LegacyInputHelpers", "UnityEngine.XR.LegacyInputHelpers.Player.csproj", "{678c00e8-75bd-11e3-e6e5-48e8ee47450e}"
EndProject
Project("{FAE04EC0-301F-11D3-BF4B-00C04F79EFBC}") = "Unity.Timeline", "Unity.Timeline.Player.csproj", "{0e62b502-ec57-502f-c57e-e6e73a79daf4}"
EndProject
Project("{FAE04EC0-301F-11D3-BF4B-00C04F79EFBC}") = "Assembly-CSharp", "Assembly-CSharp.Player.csproj", "{59343659-07a3-6385-f61e-1cbe8ab35632}"
EndProject
Project("{FAE04EC0-301F-11D3-BF4B-00C04F79EFBC}") = "Unity.XR.OpenVR", "Unity.XR.OpenVR.Player.csproj", "{19e219ab-5668-ebcd-99f8-f8ef4ad337a3}"
EndProject
Project("{FAE04EC0-301F-11D3-BF4B-00C04F79EFBC}") = "Unity.TextMeshPro", "Unity.TextMeshPro.Player.csproj", "{732efc91-681c-7a58-8c90-42c22692762a}"
EndProject
Project("{FAE04EC0-301F-11D3-BF4B-00C04F79EFBC}") = "Unity.XR.Management", "Unity.XR.Management.Player.csproj", "{3714b6d0-de07-a751-1423-a2e248514a52}"
EndProject
Project("{FAE04EC0-301F-11D3-BF4B-00C04F79EFBC}") = "Unity.Subsystem.Registration", "Unity.Subsystem.Registration.Player.csproj", "{c48048f2-1138-e732-d149-7ecec97d5f1f}"
EndProject
Global
	GlobalSection(SolutionConfigurationPlatforms) = preSolution
		Debug|Any CPU = Debug|Any CPU
		Release|Any CPU = Release|Any CPU
	EndGlobalSection
	GlobalSection(ProjectConfigurationPlatforms) = postSolution
		{1cba3bfa-49ee-a07f-7f0f-219bd4082795}.Debug|Any CPU.ActiveCfg = Debug|Any CPU
		{1cba3bfa-49ee-a07f-7f0f-219bd4082795}.Debug|Any CPU.Build.0 = Debug|Any CPU
		{1cba3bfa-49ee-a07f-7f0f-219bd4082795}.Release|Any CPU.ActiveCfg = Release|Any CPU
		{1cba3bfa-49ee-a07f-7f0f-219bd4082795}.Release|Any CPU.Build.0 = Release|Any CPU
		{9882fcc6-2980-e563-9e9e-b2203e629fd2}.Debug|Any CPU.ActiveCfg = Debug|Any CPU
		{9882fcc6-2980-e563-9e9e-b2203e629fd2}.Debug|Any CPU.Build.0 = Debug|Any CPU
		{9882fcc6-2980-e563-9e9e-b2203e629fd2}.Release|Any CPU.ActiveCfg = Release|Any CPU
		{9882fcc6-2980-e563-9e9e-b2203e629fd2}.Release|Any CPU.Build.0 = Release|Any CPU
		{d7caed7f-48cf-888c-c0fb-f600be264083}.Debug|Any CPU.ActiveCfg = Debug|Any CPU
		{d7caed7f-48cf-888c-c0fb-f600be264083}.Debug|Any CPU.Build.0 = Debug|Any CPU
		{d7caed7f-48cf-888c-c0fb-f600be264083}.Release|Any CPU.ActiveCfg = Release|Any CPU
		{d7caed7f-48cf-888c-c0fb-f600be264083}.Release|Any CPU.Build.0 = Release|Any CPU
		{6c688bad-e1f7-52de-b6dc-b78f7cd06467}.Debug|Any CPU.ActiveCfg = Debug|Any CPU
		{6c688bad-e1f7-52de-b6dc-b78f7cd06467}.Debug|Any CPU.Build.0 = Debug|Any CPU
		{6c688bad-e1f7-52de-b6dc-b78f7cd06467}.Release|Any CPU.ActiveCfg = Release|Any CPU
		{6c688bad-e1f7-52de-b6dc-b78f7cd06467}.Release|Any CPU.Build.0 = Release|Any CPU
		{7f58b865-d6b9-2617-3542-b4a84187cef0}.Debug|Any CPU.ActiveCfg = Debug|Any CPU
		{7f58b865-d6b9-2617-3542-b4a84187cef0}.Debug|Any CPU.Build.0 = Debug|Any CPU
		{7f58b865-d6b9-2617-3542-b4a84187cef0}.Release|Any CPU.ActiveCfg = Release|Any CPU
		{7f58b865-d6b9-2617-3542-b4a84187cef0}.Release|Any CPU.Build.0 = Release|Any CPU
		{799eafe4-909b-7356-71be-07abc15f66bd}.Debug|Any CPU.ActiveCfg = Debug|Any CPU
		{799eafe4-909b-7356-71be-07abc15f66bd}.Debug|Any CPU.Build.0 = Debug|Any CPU
		{799eafe4-909b-7356-71be-07abc15f66bd}.Release|Any CPU.ActiveCfg = Release|Any CPU
		{799eafe4-909b-7356-71be-07abc15f66bd}.Release|Any CPU.Build.0 = Release|Any CPU
		{139199cf-4a07-2b25-30fe-d470c0914617}.Debug|Any CPU.ActiveCfg = Debug|Any CPU
		{139199cf-4a07-2b25-30fe-d470c0914617}.Debug|Any CPU.Build.0 = Debug|Any CPU
		{139199cf-4a07-2b25-30fe-d470c0914617}.Release|Any CPU.ActiveCfg = Release|Any CPU
		{139199cf-4a07-2b25-30fe-d470c0914617}.Release|Any CPU.Build.0 = Release|Any CPU
		{37d9c766-5a4c-164e-b9b7-fd10ca276466}.Debug|Any CPU.ActiveCfg = Debug|Any CPU
		{37d9c766-5a4c-164e-b9b7-fd10ca276466}.Debug|Any CPU.Build.0 = Debug|Any CPU
		{37d9c766-5a4c-164e-b9b7-fd10ca276466}.Release|Any CPU.ActiveCfg = Release|Any CPU
		{37d9c766-5a4c-164e-b9b7-fd10ca276466}.Release|Any CPU.Build.0 = Release|Any CPU
		{5f95df07-89f5-e255-6ad3-94102952e81a}.Debug|Any CPU.ActiveCfg = Debug|Any CPU
		{5f95df07-89f5-e255-6ad3-94102952e81a}.Debug|Any CPU.Build.0 = Debug|Any CPU
		{5f95df07-89f5-e255-6ad3-94102952e81a}.Release|Any CPU.ActiveCfg = Release|Any CPU
		{5f95df07-89f5-e255-6ad3-94102952e81a}.Release|Any CPU.Build.0 = Release|Any CPU
		{bd0fa325-bc35-b50c-dee7-02d9a0784f58}.Debug|Any CPU.ActiveCfg = Debug|Any CPU
		{bd0fa325-bc35-b50c-dee7-02d9a0784f58}.Debug|Any CPU.Build.0 = Debug|Any CPU
		{bd0fa325-bc35-b50c-dee7-02d9a0784f58}.Release|Any CPU.ActiveCfg = Release|Any CPU
		{bd0fa325-bc35-b50c-dee7-02d9a0784f58}.Release|Any CPU.Build.0 = Release|Any CPU
		{95379f4b-b843-39d2-2672-b55268a25b45}.Debug|Any CPU.ActiveCfg = Debug|Any CPU
		{95379f4b-b843-39d2-2672-b55268a25b45}.Debug|Any CPU.Build.0 = Debug|Any CPU
		{95379f4b-b843-39d2-2672-b55268a25b45}.Release|Any CPU.ActiveCfg = Release|Any CPU
		{95379f4b-b843-39d2-2672-b55268a25b45}.Release|Any CPU.Build.0 = Release|Any CPU
		{0f1ec9e7-c148-2330-2a2f-80c3aa69f637}.Debug|Any CPU.ActiveCfg = Debug|Any CPU
		{0f1ec9e7-c148-2330-2a2f-80c3aa69f637}.Debug|Any CPU.Build.0 = Debug|Any CPU
		{0f1ec9e7-c148-2330-2a2f-80c3aa69f637}.Release|Any CPU.ActiveCfg = Release|Any CPU
		{0f1ec9e7-c148-2330-2a2f-80c3aa69f637}.Release|Any CPU.Build.0 = Release|Any CPU
		{e7a7d4b8-1594-532e-4a7f-3e774ee8b728}.Debug|Any CPU.ActiveCfg = Debug|Any CPU
		{e7a7d4b8-1594-532e-4a7f-3e774ee8b728}.Debug|Any CPU.Build.0 = Debug|Any CPU
		{e7a7d4b8-1594-532e-4a7f-3e774ee8b728}.Release|Any CPU.ActiveCfg = Release|Any CPU
		{e7a7d4b8-1594-532e-4a7f-3e774ee8b728}.Release|Any CPU.Build.0 = Release|Any CPU
		{2e00cfc0-5b50-f5c8-e9e1-44ea8a8e6570}.Debug|Any CPU.ActiveCfg = Debug|Any CPU
		{2e00cfc0-5b50-f5c8-e9e1-44ea8a8e6570}.Debug|Any CPU.Build.0 = Debug|Any CPU
		{2e00cfc0-5b50-f5c8-e9e1-44ea8a8e6570}.Release|Any CPU.ActiveCfg = Release|Any CPU
		{2e00cfc0-5b50-f5c8-e9e1-44ea8a8e6570}.Release|Any CPU.Build.0 = Release|Any CPU
		{3b4f1ce3-e23c-4020-59cc-e0dedb3e5aad}.Debug|Any CPU.ActiveCfg = Debug|Any CPU
		{3b4f1ce3-e23c-4020-59cc-e0dedb3e5aad}.Debug|Any CPU.Build.0 = Debug|Any CPU
		{3b4f1ce3-e23c-4020-59cc-e0dedb3e5aad}.Release|Any CPU.ActiveCfg = Release|Any CPU
		{3b4f1ce3-e23c-4020-59cc-e0dedb3e5aad}.Release|Any CPU.Build.0 = Release|Any CPU
		{16e45267-289c-28ff-3620-5b9f6b88fa4a}.Debug|Any CPU.ActiveCfg = Debug|Any CPU
		{16e45267-289c-28ff-3620-5b9f6b88fa4a}.Debug|Any CPU.Build.0 = Debug|Any CPU
		{16e45267-289c-28ff-3620-5b9f6b88fa4a}.Release|Any CPU.ActiveCfg = Release|Any CPU
		{16e45267-289c-28ff-3620-5b9f6b88fa4a}.Release|Any CPU.Build.0 = Release|Any CPU
		{7909d036-aeb7-f698-5c89-47ab32d17c58}.Debug|Any CPU.ActiveCfg = Debug|Any CPU
		{7909d036-aeb7-f698-5c89-47ab32d17c58}.Debug|Any CPU.Build.0 = Debug|Any CPU
		{7909d036-aeb7-f698-5c89-47ab32d17c58}.Release|Any CPU.ActiveCfg = Release|Any CPU
		{7909d036-aeb7-f698-5c89-47ab32d17c58}.Release|Any CPU.Build.0 = Release|Any CPU
		{511d8abc-082c-173c-d4e3-7dba781a1bb1}.Debug|Any CPU.ActiveCfg = Debug|Any CPU
		{511d8abc-082c-173c-d4e3-7dba781a1bb1}.Debug|Any CPU.Build.0 = Debug|Any CPU
		{511d8abc-082c-173c-d4e3-7dba781a1bb1}.Release|Any CPU.ActiveCfg = Release|Any CPU
		{511d8abc-082c-173c-d4e3-7dba781a1bb1}.Release|Any CPU.Build.0 = Release|Any CPU
		{494c89ef-6eff-2cb4-b4ca-32b943267aad}.Debug|Any CPU.ActiveCfg = Debug|Any CPU
		{494c89ef-6eff-2cb4-b4ca-32b943267aad}.Debug|Any CPU.Build.0 = Debug|Any CPU
		{494c89ef-6eff-2cb4-b4ca-32b943267aad}.Release|Any CPU.ActiveCfg = Release|Any CPU
		{494c89ef-6eff-2cb4-b4ca-32b943267aad}.Release|Any CPU.Build.0 = Release|Any CPU
		{27a5a4fb-5e5a-5c10-895d-747187352d22}.Debug|Any CPU.ActiveCfg = Debug|Any CPU
		{27a5a4fb-5e5a-5c10-895d-747187352d22}.Debug|Any CPU.Build.0 = Debug|Any CPU
		{27a5a4fb-5e5a-5c10-895d-747187352d22}.Release|Any CPU.ActiveCfg = Release|Any CPU
		{27a5a4fb-5e5a-5c10-895d-747187352d22}.Release|Any CPU.Build.0 = Release|Any CPU
		{97a17752-c8f3-2680-b2c7-1a3519193c22}.Debug|Any CPU.ActiveCfg = Debug|Any CPU
		{97a17752-c8f3-2680-b2c7-1a3519193c22}.Debug|Any CPU.Build.0 = Debug|Any CPU
		{97a17752-c8f3-2680-b2c7-1a3519193c22}.Release|Any CPU.ActiveCfg = Release|Any CPU
		{97a17752-c8f3-2680-b2c7-1a3519193c22}.Release|Any CPU.Build.0 = Release|Any CPU
		{3e7f7a1f-983c-500b-00ee-71a928e90b73}.Debug|Any CPU.ActiveCfg = Debug|Any CPU
		{3e7f7a1f-983c-500b-00ee-71a928e90b73}.Debug|Any CPU.Build.0 = Debug|Any CPU
		{3e7f7a1f-983c-500b-00ee-71a928e90b73}.Release|Any CPU.ActiveCfg = Release|Any CPU
		{3e7f7a1f-983c-500b-00ee-71a928e90b73}.Release|Any CPU.Build.0 = Release|Any CPU
		{e8d55366-cfd8-05db-f46b-7fa4bc7f81df}.Debug|Any CPU.ActiveCfg = Debug|Any CPU
		{e8d55366-cfd8-05db-f46b-7fa4bc7f81df}.Debug|Any CPU.Build.0 = Debug|Any CPU
		{e8d55366-cfd8-05db-f46b-7fa4bc7f81df}.Release|Any CPU.ActiveCfg = Release|Any CPU
		{e8d55366-cfd8-05db-f46b-7fa4bc7f81df}.Release|Any CPU.Build.0 = Release|Any CPU
		{0626d606-c64b-36c3-08c7-a95bd2c33d10}.Debug|Any CPU.ActiveCfg = Debug|Any CPU
		{0626d606-c64b-36c3-08c7-a95bd2c33d10}.Debug|Any CPU.Build.0 = Debug|Any CPU
		{0626d606-c64b-36c3-08c7-a95bd2c33d10}.Release|Any CPU.ActiveCfg = Release|Any CPU
		{0626d606-c64b-36c3-08c7-a95bd2c33d10}.Release|Any CPU.Build.0 = Release|Any CPU
		{318d68b8-50e2-f3c5-73f3-db061cae6c50}.Debug|Any CPU.ActiveCfg = Debug|Any CPU
		{318d68b8-50e2-f3c5-73f3-db061cae6c50}.Debug|Any CPU.Build.0 = Debug|Any CPU
		{318d68b8-50e2-f3c5-73f3-db061cae6c50}.Release|Any CPU.ActiveCfg = Release|Any CPU
		{318d68b8-50e2-f3c5-73f3-db061cae6c50}.Release|Any CPU.Build.0 = Release|Any CPU
		{c4fedc0b-0b37-3ce8-12cf-1a992c4f4f4a}.Debug|Any CPU.ActiveCfg = Debug|Any CPU
		{c4fedc0b-0b37-3ce8-12cf-1a992c4f4f4a}.Debug|Any CPU.Build.0 = Debug|Any CPU
		{c4fedc0b-0b37-3ce8-12cf-1a992c4f4f4a}.Release|Any CPU.ActiveCfg = Release|Any CPU
		{c4fedc0b-0b37-3ce8-12cf-1a992c4f4f4a}.Release|Any CPU.Build.0 = Release|Any CPU
		{49af6170-9a09-9db6-2037-4d2a57c9ea75}.Debug|Any CPU.ActiveCfg = Debug|Any CPU
		{49af6170-9a09-9db6-2037-4d2a57c9ea75}.Debug|Any CPU.Build.0 = Debug|Any CPU
		{49af6170-9a09-9db6-2037-4d2a57c9ea75}.Release|Any CPU.ActiveCfg = Release|Any CPU
		{49af6170-9a09-9db6-2037-4d2a57c9ea75}.Release|Any CPU.Build.0 = Release|Any CPU
		{364acb76-3ba0-bfaf-fd8a-b87ef501116c}.Debug|Any CPU.ActiveCfg = Debug|Any CPU
		{364acb76-3ba0-bfaf-fd8a-b87ef501116c}.Debug|Any CPU.Build.0 = Debug|Any CPU
		{364acb76-3ba0-bfaf-fd8a-b87ef501116c}.Release|Any CPU.ActiveCfg = Release|Any CPU
		{364acb76-3ba0-bfaf-fd8a-b87ef501116c}.Release|Any CPU.Build.0 = Release|Any CPU
		{6d8eed74-ea66-2c1f-8b45-5c493cc95a33}.Debug|Any CPU.ActiveCfg = Debug|Any CPU
		{6d8eed74-ea66-2c1f-8b45-5c493cc95a33}.Debug|Any CPU.Build.0 = Debug|Any CPU
		{6d8eed74-ea66-2c1f-8b45-5c493cc95a33}.Release|Any CPU.ActiveCfg = Release|Any CPU
		{6d8eed74-ea66-2c1f-8b45-5c493cc95a33}.Release|Any CPU.Build.0 = Release|Any CPU
		{c3184844-227d-1ea0-4655-ea550d3ed9e8}.Debug|Any CPU.ActiveCfg = Debug|Any CPU
		{c3184844-227d-1ea0-4655-ea550d3ed9e8}.Debug|Any CPU.Build.0 = Debug|Any CPU
		{c3184844-227d-1ea0-4655-ea550d3ed9e8}.Release|Any CPU.ActiveCfg = Release|Any CPU
		{c3184844-227d-1ea0-4655-ea550d3ed9e8}.Release|Any CPU.Build.0 = Release|Any CPU
		{7b4b952d-c85f-56d4-2d33-fa5b3e664053}.Debug|Any CPU.ActiveCfg = Debug|Any CPU
		{7b4b952d-c85f-56d4-2d33-fa5b3e664053}.Debug|Any CPU.Build.0 = Debug|Any CPU
		{7b4b952d-c85f-56d4-2d33-fa5b3e664053}.Release|Any CPU.ActiveCfg = Release|Any CPU
		{7b4b952d-c85f-56d4-2d33-fa5b3e664053}.Release|Any CPU.Build.0 = Release|Any CPU
		{361b7540-3b42-96e1-df9c-52f64c2c6096}.Debug|Any CPU.ActiveCfg = Debug|Any CPU
		{361b7540-3b42-96e1-df9c-52f64c2c6096}.Debug|Any CPU.Build.0 = Debug|Any CPU
		{361b7540-3b42-96e1-df9c-52f64c2c6096}.Release|Any CPU.ActiveCfg = Release|Any CPU
		{361b7540-3b42-96e1-df9c-52f64c2c6096}.Release|Any CPU.Build.0 = Release|Any CPU
		{a5fd6add-846b-a834-33a5-2794c00eaeec}.Debug|Any CPU.ActiveCfg = Debug|Any CPU
		{a5fd6add-846b-a834-33a5-2794c00eaeec}.Debug|Any CPU.Build.0 = Debug|Any CPU
		{a5fd6add-846b-a834-33a5-2794c00eaeec}.Release|Any CPU.ActiveCfg = Release|Any CPU
		{a5fd6add-846b-a834-33a5-2794c00eaeec}.Release|Any CPU.Build.0 = Release|Any CPU
		{678c00e8-75bd-11e3-e6e5-48e8ee47450e}.Debug|Any CPU.ActiveCfg = Debug|Any CPU
		{678c00e8-75bd-11e3-e6e5-48e8ee47450e}.Debug|Any CPU.Build.0 = Debug|Any CPU
		{678c00e8-75bd-11e3-e6e5-48e8ee47450e}.Release|Any CPU.ActiveCfg = Release|Any CPU
		{678c00e8-75bd-11e3-e6e5-48e8ee47450e}.Release|Any CPU.Build.0 = Release|Any CPU
		{0e62b502-ec57-502f-c57e-e6e73a79daf4}.Debug|Any CPU.ActiveCfg = Debug|Any CPU
		{0e62b502-ec57-502f-c57e-e6e73a79daf4}.Debug|Any CPU.Build.0 = Debug|Any CPU
		{0e62b502-ec57-502f-c57e-e6e73a79daf4}.Release|Any CPU.ActiveCfg = Release|Any CPU
		{0e62b502-ec57-502f-c57e-e6e73a79daf4}.Release|Any CPU.Build.0 = Release|Any CPU
		{59343659-07a3-6385-f61e-1cbe8ab35632}.Debug|Any CPU.ActiveCfg = Debug|Any CPU
		{59343659-07a3-6385-f61e-1cbe8ab35632}.Debug|Any CPU.Build.0 = Debug|Any CPU
		{59343659-07a3-6385-f61e-1cbe8ab35632}.Release|Any CPU.ActiveCfg = Release|Any CPU
		{59343659-07a3-6385-f61e-1cbe8ab35632}.Release|Any CPU.Build.0 = Release|Any CPU
		{19e219ab-5668-ebcd-99f8-f8ef4ad337a3}.Debug|Any CPU.ActiveCfg = Debug|Any CPU
		{19e219ab-5668-ebcd-99f8-f8ef4ad337a3}.Debug|Any CPU.Build.0 = Debug|Any CPU
		{19e219ab-5668-ebcd-99f8-f8ef4ad337a3}.Release|Any CPU.ActiveCfg = Release|Any CPU
		{19e219ab-5668-ebcd-99f8-f8ef4ad337a3}.Release|Any CPU.Build.0 = Release|Any CPU
		{732efc91-681c-7a58-8c90-42c22692762a}.Debug|Any CPU.ActiveCfg = Debug|Any CPU
		{732efc91-681c-7a58-8c90-42c22692762a}.Debug|Any CPU.Build.0 = Debug|Any CPU
		{732efc91-681c-7a58-8c90-42c22692762a}.Release|Any CPU.ActiveCfg = Release|Any CPU
		{732efc91-681c-7a58-8c90-42c22692762a}.Release|Any CPU.Build.0 = Release|Any CPU
		{3714b6d0-de07-a751-1423-a2e248514a52}.Debug|Any CPU.ActiveCfg = Debug|Any CPU
		{3714b6d0-de07-a751-1423-a2e248514a52}.Debug|Any CPU.Build.0 = Debug|Any CPU
		{3714b6d0-de07-a751-1423-a2e248514a52}.Release|Any CPU.ActiveCfg = Release|Any CPU
		{3714b6d0-de07-a751-1423-a2e248514a52}.Release|Any CPU.Build.0 = Release|Any CPU
		{c48048f2-1138-e732-d149-7ecec97d5f1f}.Debug|Any CPU.ActiveCfg = Debug|Any CPU
		{c48048f2-1138-e732-d149-7ecec97d5f1f}.Debug|Any CPU.Build.0 = Debug|Any CPU
		{c48048f2-1138-e732-d149-7ecec97d5f1f}.Release|Any CPU.ActiveCfg = Release|Any CPU
		{c48048f2-1138-e732-d149-7ecec97d5f1f}.Release|Any CPU.Build.0 = Release|Any CPU
	EndGlobalSection
	GlobalSection(SolutionProperties) = preSolution
		HideSolutionNode = FALSE
	EndGlobalSection
EndGlobal
