
Microsoft Visual Studio Solution File, Format Version 11.00
# Visual Studio 2010
Project("{FAE04EC0-301F-11D3-BF4B-00C04F79EFBC}") = "UnityEngine.TestRunner", "UnityEngine.TestRunner.csproj", "{4b90853e-3205-d15b-be7a-1395a4adfc8d}"
EndProject
Project("{FAE04EC0-301F-11D3-BF4B-00C04F79EFBC}") = "Unity.Timeline", "Unity.Timeline.csproj", "{0e2b3f1c-6a4e-1a52-4ec6-70371489c41c}"
EndProject
Project("{FAE04EC0-301F-11D3-BF4B-00C04F79EFBC}") = "UnityEngine.UI", "UnityEngine.UI.csproj", "{069e53fd-6da0-f557-9b95-4c2805c076fe}"
EndProject
Project("{FAE04EC0-301F-11D3-BF4B-00C04F79EFBC}") = "Unity.TextMeshPro", "Unity.TextMeshPro.csproj", "{917c98ef-471f-fb2a-8ba3-928ec75988c4}"
EndProject
Project("{FAE04EC0-301F-11D3-BF4B-00C04F79EFBC}") = "Assembly-CSharp", "Assembly-CSharp.csproj", "{fd95a13c-1e95-ab4d-8357-960f8ec497e1}"
EndProject
Project("{FAE04EC0-301F-11D3-BF4B-00C04F79EFBC}") = "UnityEditor.TestRunner", "UnityEditor.TestRunner.csproj", "{da1ecd28-085f-6056-01f9-4a003042e789}"
EndProject
Project("{FAE04EC0-301F-11D3-BF4B-00C04F79EFBC}") = "Unity.PlasticSCM.Editor", "Unity.PlasticSCM.Editor.csproj", "{61f2c34b-23b1-67a9-9c3f-db859ece6c62}"
EndProject
Project("{FAE04EC0-301F-11D3-BF4B-00C04F79EFBC}") = "UnityEditor.UI", "UnityEditor.UI.csproj", "{063cea66-1256-cc8b-7a39-0a0ad13541ca}"
EndProject
Project("{FAE04EC0-301F-11D3-BF4B-00C04F79EFBC}") = "Unity.Services.Core.Editor", "Unity.Services.Core.Editor.csproj", "{c29b7c2e-257e-380b-9614-e1e4f3a5f03e}"
EndProject
Project("{FAE04EC0-301F-11D3-BF4B-00C04F79EFBC}") = "Unity.Timeline.Editor", "Unity.Timeline.Editor.csproj", "{dc9db925-236b-68d3-c119-33bf1a8b2812}"
EndProject
Project("{FAE04EC0-301F-11D3-BF4B-00C04F79EFBC}") = "Unity.VisualStudio.Editor", "Unity.VisualStudio.Editor.csproj", "{46df58b5-c8f6-cd09-af48-ba6ba23459d0}"
EndProject
Project("{FAE04EC0-301F-11D3-BF4B-00C04F79EFBC}") = "Unity.TextMeshPro.Editor", "Unity.TextMeshPro.Editor.csproj", "{f7b1b96e-da7e-a37d-eae2-b414c1b15980}"
EndProject
Project("{FAE04EC0-301F-11D3-BF4B-00C04F79EFBC}") = "Unity.CollabProxy.Editor", "Unity.CollabProxy.Editor.csproj", "{7e3643a8-43f8-a567-ce95-5e6806de513e}"
EndProject
Project("{FAE04EC0-301F-11D3-BF4B-00C04F79EFBC}") = "Unity.Rider.Editor", "Unity.Rider.Editor.csproj", "{ebbfe51d-0738-f30d-54d9-504c26306ee5}"
EndProject
Project("{FAE04EC0-301F-11D3-BF4B-00C04F79EFBC}") = "Unity.VSCode.Editor", "Unity.VSCode.Editor.csproj", "{f6d7b272-08c3-55a1-b66f-0e69ffea0d35}"
EndProject
Project("{FAE04EC0-301F-11D3-BF4B-00C04F79EFBC}") = "Assembly-CSharp-Editor", "Assembly-CSharp-Editor.csproj", "{bfddaade-c3f8-a2a2-1cb0-e130e36c4c20}"
EndProject
Project("{FAE04EC0-301F-11D3-BF4B-00C04F79EFBC}") = "UnityEngine.TestRunner", "UnityEngine.TestRunner.Player.csproj", "{93a3ba26-7ef2-6140-2173-c1386dc818b8}"
EndProject
Project("{FAE04EC0-301F-11D3-BF4B-00C04F79EFBC}") = "Unity.Timeline", "Unity.Timeline.Player.csproj", "{163841a5-51df-1940-4438-60d991a15be4}"
EndProject
Project("{FAE04EC0-301F-11D3-BF4B-00C04F79EFBC}") = "UnityEngine.UI", "UnityEngine.UI.Player.csproj", "{fe7e9220-9e5f-6e37-5b21-adc273e795b0}"
EndProject
Project("{FAE04EC0-301F-11D3-BF4B-00C04F79EFBC}") = "Unity.TextMeshPro", "Unity.TextMeshPro.Player.csproj", "{32d6a2be-4002-da6d-bf7e-3276b8c51e17}"
EndProject
Project("{FAE04EC0-301F-11D3-BF4B-00C04F79EFBC}") = "Assembly-CSharp", "Assembly-CSharp.Player.csproj", "{63966616-144a-fb59-95b4-44e00c18bae8}"
EndProject
Global
	GlobalSection(SolutionConfigurationPlatforms) = preSolution
		Debug|Any CPU = Debug|Any CPU
		Release|Any CPU = Release|Any CPU
	EndGlobalSection
	GlobalSection(ProjectConfigurationPlatforms) = postSolution
		{4b90853e-3205-d15b-be7a-1395a4adfc8d}.Debug|Any CPU.ActiveCfg = Debug|Any CPU
		{4b90853e-3205-d15b-be7a-1395a4adfc8d}.Debug|Any CPU.Build.0 = Debug|Any CPU
		{4b90853e-3205-d15b-be7a-1395a4adfc8d}.Release|Any CPU.ActiveCfg = Release|Any CPU
		{4b90853e-3205-d15b-be7a-1395a4adfc8d}.Release|Any CPU.Build.0 = Release|Any CPU
		{0e2b3f1c-6a4e-1a52-4ec6-70371489c41c}.Debug|Any CPU.ActiveCfg = Debug|Any CPU
		{0e2b3f1c-6a4e-1a52-4ec6-70371489c41c}.Debug|Any CPU.Build.0 = Debug|Any CPU
		{0e2b3f1c-6a4e-1a52-4ec6-70371489c41c}.Release|Any CPU.ActiveCfg = Release|Any CPU
		{0e2b3f1c-6a4e-1a52-4ec6-70371489c41c}.Release|Any CPU.Build.0 = Release|Any CPU
		{069e53fd-6da0-f557-9b95-4c2805c076fe}.Debug|Any CPU.ActiveCfg = Debug|Any CPU
		{069e53fd-6da0-f557-9b95-4c2805c076fe}.Debug|Any CPU.Build.0 = Debug|Any CPU
		{069e53fd-6da0-f557-9b95-4c2805c076fe}.Release|Any CPU.ActiveCfg = Release|Any CPU
		{069e53fd-6da0-f557-9b95-4c2805c076fe}.Release|Any CPU.Build.0 = Release|Any CPU
		{917c98ef-471f-fb2a-8ba3-928ec75988c4}.Debug|Any CPU.ActiveCfg = Debug|Any CPU
		{917c98ef-471f-fb2a-8ba3-928ec75988c4}.Debug|Any CPU.Build.0 = Debug|Any CPU
		{917c98ef-471f-fb2a-8ba3-928ec75988c4}.Release|Any CPU.ActiveCfg = Release|Any CPU
		{917c98ef-471f-fb2a-8ba3-928ec75988c4}.Release|Any CPU.Build.0 = Release|Any CPU
		{fd95a13c-1e95-ab4d-8357-960f8ec497e1}.Debug|Any CPU.ActiveCfg = Debug|Any CPU
		{fd95a13c-1e95-ab4d-8357-960f8ec497e1}.Debug|Any CPU.Build.0 = Debug|Any CPU
		{fd95a13c-1e95-ab4d-8357-960f8ec497e1}.Release|Any CPU.ActiveCfg = Release|Any CPU
		{fd95a13c-1e95-ab4d-8357-960f8ec497e1}.Release|Any CPU.Build.0 = Release|Any CPU
		{da1ecd28-085f-6056-01f9-4a003042e789}.Debug|Any CPU.ActiveCfg = Debug|Any CPU
		{da1ecd28-085f-6056-01f9-4a003042e789}.Debug|Any CPU.Build.0 = Debug|Any CPU
		{da1ecd28-085f-6056-01f9-4a003042e789}.Release|Any CPU.ActiveCfg = Release|Any CPU
		{da1ecd28-085f-6056-01f9-4a003042e789}.Release|Any CPU.Build.0 = Release|Any CPU
		{61f2c34b-23b1-67a9-9c3f-db859ece6c62}.Debug|Any CPU.ActiveCfg = Debug|Any CPU
		{61f2c34b-23b1-67a9-9c3f-db859ece6c62}.Debug|Any CPU.Build.0 = Debug|Any CPU
		{61f2c34b-23b1-67a9-9c3f-db859ece6c62}.Release|Any CPU.ActiveCfg = Release|Any CPU
		{61f2c34b-23b1-67a9-9c3f-db859ece6c62}.Release|Any CPU.Build.0 = Release|Any CPU
		{063cea66-1256-cc8b-7a39-0a0ad13541ca}.Debug|Any CPU.ActiveCfg = Debug|Any CPU
		{063cea66-1256-cc8b-7a39-0a0ad13541ca}.Debug|Any CPU.Build.0 = Debug|Any CPU
		{063cea66-1256-cc8b-7a39-0a0ad13541ca}.Release|Any CPU.ActiveCfg = Release|Any CPU
		{063cea66-1256-cc8b-7a39-0a0ad13541ca}.Release|Any CPU.Build.0 = Release|Any CPU
		{c29b7c2e-257e-380b-9614-e1e4f3a5f03e}.Debug|Any CPU.ActiveCfg = Debug|Any CPU
		{c29b7c2e-257e-380b-9614-e1e4f3a5f03e}.Debug|Any CPU.Build.0 = Debug|Any CPU
		{c29b7c2e-257e-380b-9614-e1e4f3a5f03e}.Release|Any CPU.ActiveCfg = Release|Any CPU
		{c29b7c2e-257e-380b-9614-e1e4f3a5f03e}.Release|Any CPU.Build.0 = Release|Any CPU
		{dc9db925-236b-68d3-c119-33bf1a8b2812}.Debug|Any CPU.ActiveCfg = Debug|Any CPU
		{dc9db925-236b-68d3-c119-33bf1a8b2812}.Debug|Any CPU.Build.0 = Debug|Any CPU
		{dc9db925-236b-68d3-c119-33bf1a8b2812}.Release|Any CPU.ActiveCfg = Release|Any CPU
		{dc9db925-236b-68d3-c119-33bf1a8b2812}.Release|Any CPU.Build.0 = Release|Any CPU
		{46df58b5-c8f6-cd09-af48-ba6ba23459d0}.Debug|Any CPU.ActiveCfg = Debug|Any CPU
		{46df58b5-c8f6-cd09-af48-ba6ba23459d0}.Debug|Any CPU.Build.0 = Debug|Any CPU
		{46df58b5-c8f6-cd09-af48-ba6ba23459d0}.Release|Any CPU.ActiveCfg = Release|Any CPU
		{46df58b5-c8f6-cd09-af48-ba6ba23459d0}.Release|Any CPU.Build.0 = Release|Any CPU
		{f7b1b96e-da7e-a37d-eae2-b414c1b15980}.Debug|Any CPU.ActiveCfg = Debug|Any CPU
		{f7b1b96e-da7e-a37d-eae2-b414c1b15980}.Debug|Any CPU.Build.0 = Debug|Any CPU
		{f7b1b96e-da7e-a37d-eae2-b414c1b15980}.Release|Any CPU.ActiveCfg = Release|Any CPU
		{f7b1b96e-da7e-a37d-eae2-b414c1b15980}.Release|Any CPU.Build.0 = Release|Any CPU
		{7e3643a8-43f8-a567-ce95-5e6806de513e}.Debug|Any CPU.ActiveCfg = Debug|Any CPU
		{7e3643a8-43f8-a567-ce95-5e6806de513e}.Debug|Any CPU.Build.0 = Debug|Any CPU
		{7e3643a8-43f8-a567-ce95-5e6806de513e}.Release|Any CPU.ActiveCfg = Release|Any CPU
		{7e3643a8-43f8-a567-ce95-5e6806de513e}.Release|Any CPU.Build.0 = Release|Any CPU
		{ebbfe51d-0738-f30d-54d9-504c26306ee5}.Debug|Any CPU.ActiveCfg = Debug|Any CPU
		{ebbfe51d-0738-f30d-54d9-504c26306ee5}.Debug|Any CPU.Build.0 = Debug|Any CPU
		{ebbfe51d-0738-f30d-54d9-504c26306ee5}.Release|Any CPU.ActiveCfg = Release|Any CPU
		{ebbfe51d-0738-f30d-54d9-504c26306ee5}.Release|Any CPU.Build.0 = Release|Any CPU
		{f6d7b272-08c3-55a1-b66f-0e69ffea0d35}.Debug|Any CPU.ActiveCfg = Debug|Any CPU
		{f6d7b272-08c3-55a1-b66f-0e69ffea0d35}.Debug|Any CPU.Build.0 = Debug|Any CPU
		{f6d7b272-08c3-55a1-b66f-0e69ffea0d35}.Release|Any CPU.ActiveCfg = Release|Any CPU
		{f6d7b272-08c3-55a1-b66f-0e69ffea0d35}.Release|Any CPU.Build.0 = Release|Any CPU
		{bfddaade-c3f8-a2a2-1cb0-e130e36c4c20}.Debug|Any CPU.ActiveCfg = Debug|Any CPU
		{bfddaade-c3f8-a2a2-1cb0-e130e36c4c20}.Debug|Any CPU.Build.0 = Debug|Any CPU
		{bfddaade-c3f8-a2a2-1cb0-e130e36c4c20}.Release|Any CPU.ActiveCfg = Release|Any CPU
		{bfddaade-c3f8-a2a2-1cb0-e130e36c4c20}.Release|Any CPU.Build.0 = Release|Any CPU
		{93a3ba26-7ef2-6140-2173-c1386dc818b8}.Debug|Any CPU.ActiveCfg = Debug|Any CPU
		{93a3ba26-7ef2-6140-2173-c1386dc818b8}.Debug|Any CPU.Build.0 = Debug|Any CPU
		{93a3ba26-7ef2-6140-2173-c1386dc818b8}.Release|Any CPU.ActiveCfg = Release|Any CPU
		{93a3ba26-7ef2-6140-2173-c1386dc818b8}.Release|Any CPU.Build.0 = Release|Any CPU
		{163841a5-51df-1940-4438-60d991a15be4}.Debug|Any CPU.ActiveCfg = Debug|Any CPU
		{163841a5-51df-1940-4438-60d991a15be4}.Debug|Any CPU.Build.0 = Debug|Any CPU
		{163841a5-51df-1940-4438-60d991a15be4}.Release|Any CPU.ActiveCfg = Release|Any CPU
		{163841a5-51df-1940-4438-60d991a15be4}.Release|Any CPU.Build.0 = Release|Any CPU
		{fe7e9220-9e5f-6e37-5b21-adc273e795b0}.Debug|Any CPU.ActiveCfg = Debug|Any CPU
		{fe7e9220-9e5f-6e37-5b21-adc273e795b0}.Debug|Any CPU.Build.0 = Debug|Any CPU
		{fe7e9220-9e5f-6e37-5b21-adc273e795b0}.Release|Any CPU.ActiveCfg = Release|Any CPU
		{fe7e9220-9e5f-6e37-5b21-adc273e795b0}.Release|Any CPU.Build.0 = Release|Any CPU
		{32d6a2be-4002-da6d-bf7e-3276b8c51e17}.Debug|Any CPU.ActiveCfg = Debug|Any CPU
		{32d6a2be-4002-da6d-bf7e-3276b8c51e17}.Debug|Any CPU.Build.0 = Debug|Any CPU
		{32d6a2be-4002-da6d-bf7e-3276b8c51e17}.Release|Any CPU.ActiveCfg = Release|Any CPU
		{32d6a2be-4002-da6d-bf7e-3276b8c51e17}.Release|Any CPU.Build.0 = Release|Any CPU
		{63966616-144a-fb59-95b4-44e00c18bae8}.Debug|Any CPU.ActiveCfg = Debug|Any CPU
		{63966616-144a-fb59-95b4-44e00c18bae8}.Debug|Any CPU.Build.0 = Debug|Any CPU
		{63966616-144a-fb59-95b4-44e00c18bae8}.Release|Any CPU.ActiveCfg = Release|Any CPU
		{63966616-144a-fb59-95b4-44e00c18bae8}.Release|Any CPU.Build.0 = Release|Any CPU
	EndGlobalSection
	GlobalSection(SolutionProperties) = preSolution
		HideSolutionNode = FALSE
	EndGlobalSection
EndGlobal
